
Microsoft Visual Studio Solution File, Format Version 12.00
# Visual Studio Version 16
VisualStudioVersion = 16.0.30002.166
MinimumVisualStudioVersion = 10.0.40219.1
Project("{FAE04EC0-301F-11D3-BF4B-00C04F79EFBC}") = "ManageTask", "ManageTask.csproj", "{46DC4166-6F0D-4ACD-A2DF-BDA95380DC28}"
EndProject
Global
	GlobalSection(SolutionConfigurationPlatforms) = preSolution
		Debug|Any CPU = Debug|Any CPU
		Release|Any CPU = Release|Any CPU
	EndGlobalSection
	GlobalSection(ProjectConfigurationPlatforms) = postSolution
		{46DC4166-6F0D-4ACD-A2DF-BDA95380DC28}.Debug|Any CPU.ActiveCfg = Debug|Any CPU
		{46DC4166-6F0D-4ACD-A2DF-BDA95380DC28}.Debug|Any CPU.Build.0 = Debug|Any CPU
		{46DC4166-6F0D-4ACD-A2DF-BDA95380DC28}.Release|Any CPU.ActiveCfg = Release|Any CPU
		{46DC4166-6F0D-4ACD-A2DF-BDA95380DC28}.Release|Any CPU.Build.0 = Release|Any CPU
	EndGlobalSection
	GlobalSection(SolutionProperties) = preSolution
		HideSolutionNode = FALSE
	EndGlobalSection
	GlobalSection(ExtensibilityGlobals) = postSolution
		SolutionGuid = {4B139C95-AA6C-4930-A1BE-99246C4B625B}
	EndGlobalSection
EndGlobal
