
Microsoft Visual Studio Solution File, Format Version 12.00
# Visual Studio Version 16
VisualStudioVersion = 16.0.30320.27
MinimumVisualStudioVersion = 10.0.40219.1
Project("{9A19103F-16F7-4668-BE54-9A1E7A4F7556}") = "DotNetTransfer", "DotNetTransfer\DotNetTransfer.csproj", "{939E1C02-5F96-4982-B72D-419CE87D4C8F}"
EndProject
Global
	GlobalSection(SolutionConfigurationPlatforms) = preSolution
		Debug|Any CPU = Debug|Any CPU
		Release|Any CPU = Release|Any CPU
	EndGlobalSection
	GlobalSection(ProjectConfigurationPlatforms) = postSolution
		{939E1C02-5F96-4982-B72D-419CE87D4C8F}.Debug|Any CPU.ActiveCfg = Debug|Any CPU
		{939E1C02-5F96-4982-B72D-419CE87D4C8F}.Debug|Any CPU.Build.0 = Debug|Any CPU
		{939E1C02-5F96-4982-B72D-419CE87D4C8F}.Release|Any CPU.ActiveCfg = Release|Any CPU
		{939E1C02-5F96-4982-B72D-419CE87D4C8F}.Release|Any CPU.Build.0 = Release|Any CPU
	EndGlobalSection
	GlobalSection(SolutionProperties) = preSolution
		HideSolutionNode = FALSE
	EndGlobalSection
	GlobalSection(ExtensibilityGlobals) = postSolution
		SolutionGuid = {4D5F1172-6ED2-46DB-BF72-0B09F70A42A9}
	EndGlobalSection
EndGlobal
